{
  "pins" : [
    {
      "identity" : "carbocationlocalllm",
      "kind" : "remoteSourceControl",
      "location" : "https://github.com/carbocation/CarbocationLocalLLM.git",
      "state" : {
        "revision" : "e648e391feb6d09ae08c0721f125e6a4a33a1756",
        "version" : "0.12.0"
      }
    },
    {
      "identity" : "swift-collections",
      "kind" : "remoteSourceControl",
      "location" : "https://github.com/apple/swift-collections.git",
      "state" : {
        "revision" : "6675bc0ff86e61436e615df6fc5174e043e57924",
        "version" : "1.4.1"
      }
    },
    {
      "identity" : "swift-jinja",
      "kind" : "remoteSourceControl",
      "location" : "https://github.com/huggingface/swift-jinja.git",
      "state" : {
        "revision" : "0aeefadec459ce8e11a333769950fb86183aca43",
        "version" : "2.3.5"
      }
    }
  ],
  "version" : 2
}
